
Microsoft Visual Studio Solution File, Format Version 12.00
# Visual Studio 15
VisualStudioVersion = 15.0.28010.2026
MinimumVisualStudioVersion = 10.0.40219.1
Project("{FAE04EC0-301F-11D3-BF4B-00C04F79EFBC}") = "Laboratorio14", "Laboratorio14\Laboratorio14.csproj", "{3CF53DC3-119F-4012-B4D9-575C167E60DD}"
EndProject
Global
	GlobalSection(SolutionConfigurationPlatforms) = preSolution
		Debug|Any CPU = Debug|Any CPU
		Release|Any CPU = Release|Any CPU
	EndGlobalSection
	GlobalSection(ProjectConfigurationPlatforms) = postSolution
		{3CF53DC3-119F-4012-B4D9-575C167E60DD}.Debug|Any CPU.ActiveCfg = Debug|Any CPU
		{3CF53DC3-119F-4012-B4D9-575C167E60DD}.Debug|Any CPU.Build.0 = Debug|Any CPU
		{3CF53DC3-119F-4012-B4D9-575C167E60DD}.Release|Any CPU.ActiveCfg = Release|Any CPU
		{3CF53DC3-119F-4012-B4D9-575C167E60DD}.Release|Any CPU.Build.0 = Release|Any CPU
	EndGlobalSection
	GlobalSection(SolutionProperties) = preSolution
		HideSolutionNode = FALSE
	EndGlobalSection
	GlobalSection(ExtensibilityGlobals) = postSolution
		SolutionGuid = {E416B195-9170-4664-81B5-3064083C52A2}
	EndGlobalSection
EndGlobal
